// !$*UTF8*$!
{
	archiveVersion = 1;
	classes = {
	};
	objectVersion = 56;
	objects = {

/* Begin PBXBuildFile section */
		00A1C2FC534B79A1086A0C68 /* Pods_GameInfoAdvanceTest.framework in Frameworks */ = {isa = PBXBuildFile; fileRef = 90A8CD03E55C191A079263D8 /* Pods_GameInfoAdvanceTest.framework */; };
		881D88642A584654008D9D87 /* GameDetailViewController.swift in Sources */ = {isa = PBXBuildFile; fileRef = 881D88622A584654008D9D87 /* GameDetailViewController.swift */; };
		881D88652A584654008D9D87 /* GameDetailViewController.xib in Resources */ = {isa = PBXBuildFile; fileRef = 881D88632A584654008D9D87 /* GameDetailViewController.xib */; };
		881D88692A5847A2008D9D87 /* GameDetailViewModel.swift in Sources */ = {isa = PBXBuildFile; fileRef = 881D88682A5847A2008D9D87 /* GameDetailViewModel.swift */; };
		881D886E2A5861FE008D9D87 /* GameDetailRouter.swift in Sources */ = {isa = PBXBuildFile; fileRef = 881D886D2A5861FE008D9D87 /* GameDetailRouter.swift */; };
		88571F1C2A8F099300A1D865 /* UIView+Ext.swift in Sources */ = {isa = PBXBuildFile; fileRef = 88571F1B2A8F099300A1D865 /* UIView+Ext.swift */; };
		88571F1E2A8F1C9200A1D865 /* Favorite.framework in Frameworks */ = {isa = PBXBuildFile; fileRef = 88571F1D2A8F1C9200A1D865 /* Favorite.framework */; };
		88571F1F2A8F1C9200A1D865 /* Favorite.framework in Embed Frameworks */ = {isa = PBXBuildFile; fileRef = 88571F1D2A8F1C9200A1D865 /* Favorite.framework */; settings = {ATTRIBUTES = (CodeSignOnCopy, RemoveHeadersOnCopy, ); }; };
		88571F212A8F1CA600A1D865 /* Games.framework in Frameworks */ = {isa = PBXBuildFile; fileRef = 88571F202A8F1CA600A1D865 /* Games.framework */; };
		88571F222A8F1CA600A1D865 /* Games.framework in Embed Frameworks */ = {isa = PBXBuildFile; fileRef = 88571F202A8F1CA600A1D865 /* Games.framework */; settings = {ATTRIBUTES = (CodeSignOnCopy, RemoveHeadersOnCopy, ); }; };
		88571F242A8F1CB200A1D865 /* Profile.framework in Frameworks */ = {isa = PBXBuildFile; fileRef = 88571F232A8F1CB200A1D865 /* Profile.framework */; };
		88571F252A8F1CB200A1D865 /* Profile.framework in Embed Frameworks */ = {isa = PBXBuildFile; fileRef = 88571F232A8F1CB200A1D865 /* Profile.framework */; settings = {ATTRIBUTES = (CodeSignOnCopy, RemoveHeadersOnCopy, ); }; };
		886CB8372A9AE6E7009C071B /* GetListGameRemoteDataSourceMock.swift in Sources */ = {isa = PBXBuildFile; fileRef = 886CB8362A9AE6E7009C071B /* GetListGameRemoteDataSourceMock.swift */; };
		886CB83D2A9AF5A3009C071B /* GameListNetworkResponse.json in Resources */ = {isa = PBXBuildFile; fileRef = 886CB83C2A9AF5A3009C071B /* GameListNetworkResponse.json */; };
		886CB8402A9B0220009C071B /* GameListRepositoryMock.swift in Sources */ = {isa = PBXBuildFile; fileRef = 886CB83F2A9B0220009C071B /* GameListRepositoryMock.swift */; };
		886CB8442A9B1005009C071B /* Injection+Ext.swift in Sources */ = {isa = PBXBuildFile; fileRef = 886CB8432A9B1005009C071B /* Injection+Ext.swift */; };
		886CB8462A9B1333009C071B /* GameDetailRepositoryMock.swift in Sources */ = {isa = PBXBuildFile; fileRef = 886CB8452A9B1333009C071B /* GameDetailRepositoryMock.swift */; };
		886CB8482A9B1412009C071B /* GetDetailGameRemoteDataSourceMock.swift in Sources */ = {isa = PBXBuildFile; fileRef = 886CB8472A9B1412009C071B /* GetDetailGameRemoteDataSourceMock.swift */; };
		886CB84C2A9B1578009C071B /* GameDetailNetworkResponse.json in Resources */ = {isa = PBXBuildFile; fileRef = 886CB84B2A9B1578009C071B /* GameDetailNetworkResponse.json */; };
		886CB84E2A9B176F009C071B /* GameDetailUseCaseTest.swift in Sources */ = {isa = PBXBuildFile; fileRef = 886CB84D2A9B176F009C071B /* GameDetailUseCaseTest.swift */; };
		886CB8512A9B228B009C071B /* FavoriteListUseCaseTest.swift in Sources */ = {isa = PBXBuildFile; fileRef = 886CB8502A9B228B009C071B /* FavoriteListUseCaseTest.swift */; };
		886CB8562A9B25E6009C071B /* FavoriteLocalDataSourceMock.swift in Sources */ = {isa = PBXBuildFile; fileRef = 886CB8552A9B25E6009C071B /* FavoriteLocalDataSourceMock.swift */; };
		886CB8582A9B284F009C071B /* FavoriteModelMock.swift in Sources */ = {isa = PBXBuildFile; fileRef = 886CB8572A9B284F009C071B /* FavoriteModelMock.swift */; };
		886CB85A2A9B2BFF009C071B /* FavoriteListRepositoryMock.swift in Sources */ = {isa = PBXBuildFile; fileRef = 886CB8592A9B2BFF009C071B /* FavoriteListRepositoryMock.swift */; };
		886CB85C2A9B2EFE009C071B /* FavoriteAddRepositoryMock.swift in Sources */ = {isa = PBXBuildFile; fileRef = 886CB85B2A9B2EFE009C071B /* FavoriteAddRepositoryMock.swift */; };
		886CB85E2A9B3347009C071B /* FavoriteAddUseCaseTest.swift in Sources */ = {isa = PBXBuildFile; fileRef = 886CB85D2A9B3347009C071B /* FavoriteAddUseCaseTest.swift */; };
		886CB8602A9B3525009C071B /* FavoriteRemoveRepositoryMock.swift in Sources */ = {isa = PBXBuildFile; fileRef = 886CB85F2A9B3525009C071B /* FavoriteRemoveRepositoryMock.swift */; };
		886CB8622A9B35A6009C071B /* FavoriteRemoveUseCaseTest.swift in Sources */ = {isa = PBXBuildFile; fileRef = 886CB8612A9B35A6009C071B /* FavoriteRemoveUseCaseTest.swift */; };
		886CB8692A9B3897009C071B /* ProfileLocalDataSourceMock.swift in Sources */ = {isa = PBXBuildFile; fileRef = 886CB8682A9B3897009C071B /* ProfileLocalDataSourceMock.swift */; };
		886CB86B2A9B396E009C071B /* ProfileModelMock.swift in Sources */ = {isa = PBXBuildFile; fileRef = 886CB86A2A9B396E009C071B /* ProfileModelMock.swift */; };
		886CB86D2A9B3B2F009C071B /* ProfileRemoteDataSourceMock.swift in Sources */ = {isa = PBXBuildFile; fileRef = 886CB86C2A9B3B2F009C071B /* ProfileRemoteDataSourceMock.swift */; };
		886CB86F2A9B3D4B009C071B /* ProfileRepositoryMock.swift in Sources */ = {isa = PBXBuildFile; fileRef = 886CB86E2A9B3D4B009C071B /* ProfileRepositoryMock.swift */; };
		886CB8712A9B3DD9009C071B /* ProfileEditRepositoryMock.swift in Sources */ = {isa = PBXBuildFile; fileRef = 886CB8702A9B3DD9009C071B /* ProfileEditRepositoryMock.swift */; };
		886CB8752A9B3EA2009C071B /* ProfileUseCaseTest.swift in Sources */ = {isa = PBXBuildFile; fileRef = 886CB8742A9B3EA2009C071B /* ProfileUseCaseTest.swift */; };
		886CB8772A9B4222009C071B /* ProfileEditUseCaseTest.swift in Sources */ = {isa = PBXBuildFile; fileRef = 886CB8762A9B4222009C071B /* ProfileEditUseCaseTest.swift */; };
		8875D9F42A5A7B33004C0660 /* ProfileViewController.swift in Sources */ = {isa = PBXBuildFile; fileRef = 8875D9F22A5A7B33004C0660 /* ProfileViewController.swift */; };
		8875D9F52A5A7B33004C0660 /* ProfileViewController.xib in Resources */ = {isa = PBXBuildFile; fileRef = 8875D9F32A5A7B33004C0660 /* ProfileViewController.xib */; };
		8875DA032A5AD974004C0660 /* ProfileViewModel.swift in Sources */ = {isa = PBXBuildFile; fileRef = 8875DA022A5AD974004C0660 /* ProfileViewModel.swift */; };
		8875DA0A2A5AE6D9004C0660 /* ProfileRouter.swift in Sources */ = {isa = PBXBuildFile; fileRef = 8875DA092A5AE6D9004C0660 /* ProfileRouter.swift */; };
		8875DA0E2A5B047D004C0660 /* EditProfileViewController.swift in Sources */ = {isa = PBXBuildFile; fileRef = 8875DA0C2A5B047D004C0660 /* EditProfileViewController.swift */; };
		8875DA0F2A5B047D004C0660 /* EditProfileViewController.xib in Resources */ = {isa = PBXBuildFile; fileRef = 8875DA0D2A5B047D004C0660 /* EditProfileViewController.xib */; };
		8875DA112A5B0560004C0660 /* EditProfileViewModel.swift in Sources */ = {isa = PBXBuildFile; fileRef = 8875DA102A5B0560004C0660 /* EditProfileViewModel.swift */; };
		8875DA132A5B0D36004C0660 /* EditProfileRouter.swift in Sources */ = {isa = PBXBuildFile; fileRef = 8875DA122A5B0D36004C0660 /* EditProfileRouter.swift */; };
		8889C7AD2A5696D000954EC2 /* GameFavoriteViewController.swift in Sources */ = {isa = PBXBuildFile; fileRef = 8889C7AB2A5696D000954EC2 /* GameFavoriteViewController.swift */; };
		8889C7AE2A5696D000954EC2 /* GameFavoriteViewController.xib in Resources */ = {isa = PBXBuildFile; fileRef = 8889C7AC2A5696D000954EC2 /* GameFavoriteViewController.xib */; };
		8889C7B22A56970800954EC2 /* GameFavoriteViewModel.swift in Sources */ = {isa = PBXBuildFile; fileRef = 8889C7B12A56970800954EC2 /* GameFavoriteViewModel.swift */; };
		8889C7BA2A56978700954EC2 /* GameFavoriteRouter.swift in Sources */ = {isa = PBXBuildFile; fileRef = 8889C7B92A56978700954EC2 /* GameFavoriteRouter.swift */; };
		8889C7BD2A569A9D00954EC2 /* GameFavoriteCollectionViewCell.swift in Sources */ = {isa = PBXBuildFile; fileRef = 8889C7BB2A569A9D00954EC2 /* GameFavoriteCollectionViewCell.swift */; };
		8889C7BE2A569A9D00954EC2 /* GameFavoriteCollectionViewCell.xib in Resources */ = {isa = PBXBuildFile; fileRef = 8889C7BC2A569A9D00954EC2 /* GameFavoriteCollectionViewCell.xib */; };
		888BFAE32A5544AC002E281C /* Injection.swift in Sources */ = {isa = PBXBuildFile; fileRef = 888BFAE22A5544AC002E281C /* Injection.swift */; };
		888BFAE52A5548C7002E281C /* MainTabBarController.swift in Sources */ = {isa = PBXBuildFile; fileRef = 888BFAE42A5548C7002E281C /* MainTabBarController.swift */; };
		888BFAED2A554CBF002E281C /* GameViewController.swift in Sources */ = {isa = PBXBuildFile; fileRef = 888BFAEB2A554CBF002E281C /* GameViewController.swift */; };
		888BFAEE2A554CBF002E281C /* GameViewController.xib in Resources */ = {isa = PBXBuildFile; fileRef = 888BFAEC2A554CBF002E281C /* GameViewController.xib */; };
		888BFAF22A554D72002E281C /* GameTableViewCell.swift in Sources */ = {isa = PBXBuildFile; fileRef = 888BFAF02A554D72002E281C /* GameTableViewCell.swift */; };
		888BFAF32A554D72002E281C /* GameTableViewCell.xib in Resources */ = {isa = PBXBuildFile; fileRef = 888BFAF12A554D72002E281C /* GameTableViewCell.xib */; };
		888BFAF52A554D89002E281C /* GameRouter.swift in Sources */ = {isa = PBXBuildFile; fileRef = 888BFAF42A554D89002E281C /* GameRouter.swift */; };
		888BFAF72A554D97002E281C /* GameViewModel.swift in Sources */ = {isa = PBXBuildFile; fileRef = 888BFAF62A554D97002E281C /* GameViewModel.swift */; };
		88971A872A53264F0019ABFC /* AppDelegate.swift in Sources */ = {isa = PBXBuildFile; fileRef = 88971A862A53264F0019ABFC /* AppDelegate.swift */; };
		88971A892A53264F0019ABFC /* SceneDelegate.swift in Sources */ = {isa = PBXBuildFile; fileRef = 88971A882A53264F0019ABFC /* SceneDelegate.swift */; };
		88971A902A5326510019ABFC /* Assets.xcassets in Resources */ = {isa = PBXBuildFile; fileRef = 88971A8F2A5326510019ABFC /* Assets.xcassets */; };
		88971A932A5326510019ABFC /* LaunchScreen.storyboard in Resources */ = {isa = PBXBuildFile; fileRef = 88971A912A5326510019ABFC /* LaunchScreen.storyboard */; };
		88971AD42A532F110019ABFC /* AppConfig.swift in Sources */ = {isa = PBXBuildFile; fileRef = 88971AD32A532F110019ABFC /* AppConfig.swift */; };
		88971ADB2A533D210019ABFC /* APIConstants.swift in Sources */ = {isa = PBXBuildFile; fileRef = 88971ADA2A533D210019ABFC /* APIConstants.swift */; };
		88A671762A99185300903758 /* GameListUseCaseTest.swift in Sources */ = {isa = PBXBuildFile; fileRef = 88A671752A99185300903758 /* GameListUseCaseTest.swift */; };
		90C3109D1AB943C85B24B2A7 /* Pods_GameInfoAdvance.framework in Frameworks */ = {isa = PBXBuildFile; fileRef = 5F728791918285F2E47156FA /* Pods_GameInfoAdvance.framework */; };
/* End PBXBuildFile section */

/* Begin PBXContainerItemProxy section */
		88A5E94D2A5C405A0043996B /* PBXContainerItemProxy */ = {
			isa = PBXContainerItemProxy;
			containerPortal = 88971A7B2A53264F0019ABFC /* Project object */;
			proxyType = 1;
			remoteGlobalIDString = 88971A822A53264F0019ABFC;
			remoteInfo = GameInfoAdvance;
		};
/* End PBXContainerItemProxy section */

/* Begin PBXCopyFilesBuildPhase section */
		882C0A452A7F6CDE007D4A64 /* Embed Frameworks */ = {
			isa = PBXCopyFilesBuildPhase;
			buildActionMask = 2147483647;
			dstPath = "";
			dstSubfolderSpec = 10;
			files = (
				88571F252A8F1CB200A1D865 /* Profile.framework in Embed Frameworks */,
				88571F222A8F1CA600A1D865 /* Games.framework in Embed Frameworks */,
				88571F1F2A8F1C9200A1D865 /* Favorite.framework in Embed Frameworks */,
			);
			name = "Embed Frameworks";
			runOnlyForDeploymentPostprocessing = 0;
		};
/* End PBXCopyFilesBuildPhase section */

/* Begin PBXFileReference section */
		05BC394FD935A7B6C9429F37 /* Pods-GameInfoAdvanceTest.release.xcconfig */ = {isa = PBXFileReference; includeInIndex = 1; lastKnownFileType = text.xcconfig; name = "Pods-GameInfoAdvanceTest.release.xcconfig"; path = "Target Support Files/Pods-GameInfoAdvanceTest/Pods-GameInfoAdvanceTest.release.xcconfig"; sourceTree = "<group>"; };
		0A4029E201C3C8D9F3FF4BF9 /* Pods-GameInfoAdvanceTest.debug.xcconfig */ = {isa = PBXFileReference; includeInIndex = 1; lastKnownFileType = text.xcconfig; name = "Pods-GameInfoAdvanceTest.debug.xcconfig"; path = "Target Support Files/Pods-GameInfoAdvanceTest/Pods-GameInfoAdvanceTest.debug.xcconfig"; sourceTree = "<group>"; };
		5DB06612D7D9BACFB18BF64E /* Pods-GameInfoAdvance.debug.xcconfig */ = {isa = PBXFileReference; includeInIndex = 1; lastKnownFileType = text.xcconfig; name = "Pods-GameInfoAdvance.debug.xcconfig"; path = "Target Support Files/Pods-GameInfoAdvance/Pods-GameInfoAdvance.debug.xcconfig"; sourceTree = "<group>"; };
		5F728791918285F2E47156FA /* Pods_GameInfoAdvance.framework */ = {isa = PBXFileReference; explicitFileType = wrapper.framework; includeInIndex = 0; path = Pods_GameInfoAdvance.framework; sourceTree = BUILT_PRODUCTS_DIR; };
		881D88622A584654008D9D87 /* GameDetailViewController.swift */ = {isa = PBXFileReference; lastKnownFileType = sourcecode.swift; path = GameDetailViewController.swift; sourceTree = "<group>"; };
		881D88632A584654008D9D87 /* GameDetailViewController.xib */ = {isa = PBXFileReference; lastKnownFileType = file.xib; path = GameDetailViewController.xib; sourceTree = "<group>"; };
		881D88682A5847A2008D9D87 /* GameDetailViewModel.swift */ = {isa = PBXFileReference; lastKnownFileType = sourcecode.swift; path = GameDetailViewModel.swift; sourceTree = "<group>"; };
		881D886D2A5861FE008D9D87 /* GameDetailRouter.swift */ = {isa = PBXFileReference; lastKnownFileType = sourcecode.swift; path = GameDetailRouter.swift; sourceTree = "<group>"; };
		88571F1B2A8F099300A1D865 /* UIView+Ext.swift */ = {isa = PBXFileReference; lastKnownFileType = sourcecode.swift; path = "UIView+Ext.swift"; sourceTree = "<group>"; };
		88571F1D2A8F1C9200A1D865 /* Favorite.framework */ = {isa = PBXFileReference; explicitFileType = wrapper.framework; path = Favorite.framework; sourceTree = BUILT_PRODUCTS_DIR; };
		88571F202A8F1CA600A1D865 /* Games.framework */ = {isa = PBXFileReference; explicitFileType = wrapper.framework; path = Games.framework; sourceTree = BUILT_PRODUCTS_DIR; };
		88571F232A8F1CB200A1D865 /* Profile.framework */ = {isa = PBXFileReference; explicitFileType = wrapper.framework; path = Profile.framework; sourceTree = BUILT_PRODUCTS_DIR; };
		886CB8342A9A21AC009C071B /* GameInfoAdvance.app */ = {isa = PBXFileReference; explicitFileType = wrapper.application; includeInIndex = 0; path = GameInfoAdvance.app; sourceTree = BUILT_PRODUCTS_DIR; };
		886CB8362A9AE6E7009C071B /* GetListGameRemoteDataSourceMock.swift */ = {isa = PBXFileReference; lastKnownFileType = sourcecode.swift; path = GetListGameRemoteDataSourceMock.swift; sourceTree = "<group>"; };
		886CB83C2A9AF5A3009C071B /* GameListNetworkResponse.json */ = {isa = PBXFileReference; lastKnownFileType = text.json; path = GameListNetworkResponse.json; sourceTree = "<group>"; };
		886CB83F2A9B0220009C071B /* GameListRepositoryMock.swift */ = {isa = PBXFileReference; lastKnownFileType = sourcecode.swift; path = GameListRepositoryMock.swift; sourceTree = "<group>"; };
		886CB8432A9B1005009C071B /* Injection+Ext.swift */ = {isa = PBXFileReference; lastKnownFileType = sourcecode.swift; path = "Injection+Ext.swift"; sourceTree = "<group>"; };
		886CB8452A9B1333009C071B /* GameDetailRepositoryMock.swift */ = {isa = PBXFileReference; lastKnownFileType = sourcecode.swift; path = GameDetailRepositoryMock.swift; sourceTree = "<group>"; };
		886CB8472A9B1412009C071B /* GetDetailGameRemoteDataSourceMock.swift */ = {isa = PBXFileReference; lastKnownFileType = sourcecode.swift; path = GetDetailGameRemoteDataSourceMock.swift; sourceTree = "<group>"; };
		886CB84B2A9B1578009C071B /* GameDetailNetworkResponse.json */ = {isa = PBXFileReference; lastKnownFileType = text.json; path = GameDetailNetworkResponse.json; sourceTree = "<group>"; };
		886CB84D2A9B176F009C071B /* GameDetailUseCaseTest.swift */ = {isa = PBXFileReference; lastKnownFileType = sourcecode.swift; path = GameDetailUseCaseTest.swift; sourceTree = "<group>"; };
		886CB8502A9B228B009C071B /* FavoriteListUseCaseTest.swift */ = {isa = PBXFileReference; lastKnownFileType = sourcecode.swift; path = FavoriteListUseCaseTest.swift; sourceTree = "<group>"; };
		886CB8552A9B25E6009C071B /* FavoriteLocalDataSourceMock.swift */ = {isa = PBXFileReference; lastKnownFileType = sourcecode.swift; path = FavoriteLocalDataSourceMock.swift; sourceTree = "<group>"; };
		886CB8572A9B284F009C071B /* FavoriteModelMock.swift */ = {isa = PBXFileReference; lastKnownFileType = sourcecode.swift; path = FavoriteModelMock.swift; sourceTree = "<group>"; };
		886CB8592A9B2BFF009C071B /* FavoriteListRepositoryMock.swift */ = {isa = PBXFileReference; lastKnownFileType = sourcecode.swift; path = FavoriteListRepositoryMock.swift; sourceTree = "<group>"; };
		886CB85B2A9B2EFE009C071B /* FavoriteAddRepositoryMock.swift */ = {isa = PBXFileReference; lastKnownFileType = sourcecode.swift; path = FavoriteAddRepositoryMock.swift; sourceTree = "<group>"; };
		886CB85D2A9B3347009C071B /* FavoriteAddUseCaseTest.swift */ = {isa = PBXFileReference; lastKnownFileType = sourcecode.swift; path = FavoriteAddUseCaseTest.swift; sourceTree = "<group>"; };
		886CB85F2A9B3525009C071B /* FavoriteRemoveRepositoryMock.swift */ = {isa = PBXFileReference; lastKnownFileType = sourcecode.swift; path = FavoriteRemoveRepositoryMock.swift; sourceTree = "<group>"; };
		886CB8612A9B35A6009C071B /* FavoriteRemoveUseCaseTest.swift */ = {isa = PBXFileReference; lastKnownFileType = sourcecode.swift; path = FavoriteRemoveUseCaseTest.swift; sourceTree = "<group>"; };
		886CB8682A9B3897009C071B /* ProfileLocalDataSourceMock.swift */ = {isa = PBXFileReference; lastKnownFileType = sourcecode.swift; path = ProfileLocalDataSourceMock.swift; sourceTree = "<group>"; };
		886CB86A2A9B396E009C071B /* ProfileModelMock.swift */ = {isa = PBXFileReference; lastKnownFileType = sourcecode.swift; path = ProfileModelMock.swift; sourceTree = "<group>"; };
		886CB86C2A9B3B2F009C071B /* ProfileRemoteDataSourceMock.swift */ = {isa = PBXFileReference; lastKnownFileType = sourcecode.swift; path = ProfileRemoteDataSourceMock.swift; sourceTree = "<group>"; };
		886CB86E2A9B3D4B009C071B /* ProfileRepositoryMock.swift */ = {isa = PBXFileReference; lastKnownFileType = sourcecode.swift; path = ProfileRepositoryMock.swift; sourceTree = "<group>"; };
		886CB8702A9B3DD9009C071B /* ProfileEditRepositoryMock.swift */ = {isa = PBXFileReference; lastKnownFileType = sourcecode.swift; path = ProfileEditRepositoryMock.swift; sourceTree = "<group>"; };
		886CB8742A9B3EA2009C071B /* ProfileUseCaseTest.swift */ = {isa = PBXFileReference; lastKnownFileType = sourcecode.swift; path = ProfileUseCaseTest.swift; sourceTree = "<group>"; };
		886CB8762A9B4222009C071B /* ProfileEditUseCaseTest.swift */ = {isa = PBXFileReference; lastKnownFileType = sourcecode.swift; path = ProfileEditUseCaseTest.swift; sourceTree = "<group>"; };
		8875D9F22A5A7B33004C0660 /* ProfileViewController.swift */ = {isa = PBXFileReference; lastKnownFileType = sourcecode.swift; path = ProfileViewController.swift; sourceTree = "<group>"; };
		8875D9F32A5A7B33004C0660 /* ProfileViewController.xib */ = {isa = PBXFileReference; lastKnownFileType = file.xib; path = ProfileViewController.xib; sourceTree = "<group>"; };
		8875DA022A5AD974004C0660 /* ProfileViewModel.swift */ = {isa = PBXFileReference; lastKnownFileType = sourcecode.swift; path = ProfileViewModel.swift; sourceTree = "<group>"; };
		8875DA092A5AE6D9004C0660 /* ProfileRouter.swift */ = {isa = PBXFileReference; lastKnownFileType = sourcecode.swift; path = ProfileRouter.swift; sourceTree = "<group>"; };
		8875DA0C2A5B047D004C0660 /* EditProfileViewController.swift */ = {isa = PBXFileReference; lastKnownFileType = sourcecode.swift; path = EditProfileViewController.swift; sourceTree = "<group>"; };
		8875DA0D2A5B047D004C0660 /* EditProfileViewController.xib */ = {isa = PBXFileReference; lastKnownFileType = file.xib; path = EditProfileViewController.xib; sourceTree = "<group>"; };
		8875DA102A5B0560004C0660 /* EditProfileViewModel.swift */ = {isa = PBXFileReference; lastKnownFileType = sourcecode.swift; path = EditProfileViewModel.swift; sourceTree = "<group>"; };
		8875DA122A5B0D36004C0660 /* EditProfileRouter.swift */ = {isa = PBXFileReference; lastKnownFileType = sourcecode.swift; path = EditProfileRouter.swift; sourceTree = "<group>"; };
		8889C7AB2A5696D000954EC2 /* GameFavoriteViewController.swift */ = {isa = PBXFileReference; lastKnownFileType = sourcecode.swift; path = GameFavoriteViewController.swift; sourceTree = "<group>"; };
		8889C7AC2A5696D000954EC2 /* GameFavoriteViewController.xib */ = {isa = PBXFileReference; lastKnownFileType = file.xib; path = GameFavoriteViewController.xib; sourceTree = "<group>"; };
		8889C7B12A56970800954EC2 /* GameFavoriteViewModel.swift */ = {isa = PBXFileReference; lastKnownFileType = sourcecode.swift; path = GameFavoriteViewModel.swift; sourceTree = "<group>"; };
		8889C7B92A56978700954EC2 /* GameFavoriteRouter.swift */ = {isa = PBXFileReference; lastKnownFileType = sourcecode.swift; path = GameFavoriteRouter.swift; sourceTree = "<group>"; };
		8889C7BB2A569A9D00954EC2 /* GameFavoriteCollectionViewCell.swift */ = {isa = PBXFileReference; lastKnownFileType = sourcecode.swift; path = GameFavoriteCollectionViewCell.swift; sourceTree = "<group>"; };
		8889C7BC2A569A9D00954EC2 /* GameFavoriteCollectionViewCell.xib */ = {isa = PBXFileReference; lastKnownFileType = file.xib; path = GameFavoriteCollectionViewCell.xib; sourceTree = "<group>"; };
		888BFAE22A5544AC002E281C /* Injection.swift */ = {isa = PBXFileReference; lastKnownFileType = sourcecode.swift; path = Injection.swift; sourceTree = "<group>"; };
		888BFAE42A5548C7002E281C /* MainTabBarController.swift */ = {isa = PBXFileReference; lastKnownFileType = sourcecode.swift; path = MainTabBarController.swift; sourceTree = "<group>"; };
		888BFAEB2A554CBF002E281C /* GameViewController.swift */ = {isa = PBXFileReference; lastKnownFileType = sourcecode.swift; path = GameViewController.swift; sourceTree = "<group>"; };
		888BFAEC2A554CBF002E281C /* GameViewController.xib */ = {isa = PBXFileReference; lastKnownFileType = file.xib; path = GameViewController.xib; sourceTree = "<group>"; };
		888BFAF02A554D72002E281C /* GameTableViewCell.swift */ = {isa = PBXFileReference; lastKnownFileType = sourcecode.swift; path = GameTableViewCell.swift; sourceTree = "<group>"; };
		888BFAF12A554D72002E281C /* GameTableViewCell.xib */ = {isa = PBXFileReference; lastKnownFileType = file.xib; path = GameTableViewCell.xib; sourceTree = "<group>"; };
		888BFAF42A554D89002E281C /* GameRouter.swift */ = {isa = PBXFileReference; lastKnownFileType = sourcecode.swift; path = GameRouter.swift; sourceTree = "<group>"; };
		888BFAF62A554D97002E281C /* GameViewModel.swift */ = {isa = PBXFileReference; lastKnownFileType = sourcecode.swift; path = GameViewModel.swift; sourceTree = "<group>"; };
		88971A862A53264F0019ABFC /* AppDelegate.swift */ = {isa = PBXFileReference; lastKnownFileType = sourcecode.swift; path = AppDelegate.swift; sourceTree = "<group>"; };
		88971A882A53264F0019ABFC /* SceneDelegate.swift */ = {isa = PBXFileReference; lastKnownFileType = sourcecode.swift; path = SceneDelegate.swift; sourceTree = "<group>"; };
		88971A8F2A5326510019ABFC /* Assets.xcassets */ = {isa = PBXFileReference; lastKnownFileType = folder.assetcatalog; path = Assets.xcassets; sourceTree = "<group>"; };
		88971A922A5326510019ABFC /* Base */ = {isa = PBXFileReference; lastKnownFileType = file.storyboard; name = Base; path = Base.lproj/LaunchScreen.storyboard; sourceTree = "<group>"; };
		88971A942A5326510019ABFC /* Info.plist */ = {isa = PBXFileReference; lastKnownFileType = text.plist.xml; path = Info.plist; sourceTree = "<group>"; };
		88971AD32A532F110019ABFC /* AppConfig.swift */ = {isa = PBXFileReference; lastKnownFileType = sourcecode.swift; path = AppConfig.swift; sourceTree = "<group>"; };
		88971AD62A5331040019ABFC /* Development.xcconfig */ = {isa = PBXFileReference; lastKnownFileType = text.xcconfig; path = Development.xcconfig; sourceTree = "<group>"; };
		88971ADA2A533D210019ABFC /* APIConstants.swift */ = {isa = PBXFileReference; lastKnownFileType = sourcecode.swift; path = APIConstants.swift; sourceTree = "<group>"; };
		88A671732A99185200903758 /* GameInfoAdvanceTest-Bridging-Header.h */ = {isa = PBXFileReference; lastKnownFileType = sourcecode.c.h; path = "GameInfoAdvanceTest-Bridging-Header.h"; sourceTree = "<group>"; };
		88A671742A99185200903758 /* GameInfoAdvanceTest.xctest */ = {isa = PBXFileReference; explicitFileType = wrapper.cfbundle; includeInIndex = 0; path = GameInfoAdvanceTest.xctest; sourceTree = BUILT_PRODUCTS_DIR; };
		88A671752A99185300903758 /* GameListUseCaseTest.swift */ = {isa = PBXFileReference; lastKnownFileType = sourcecode.swift; path = GameListUseCaseTest.swift; sourceTree = "<group>"; };
		88BE305B2A627FEF00DA7592 /* GameInfoAdvanceTestPlan.xctestplan */ = {isa = PBXFileReference; lastKnownFileType = text; path = GameInfoAdvanceTestPlan.xctestplan; sourceTree = "<group>"; };
		90A8CD03E55C191A079263D8 /* Pods_GameInfoAdvanceTest.framework */ = {isa = PBXFileReference; explicitFileType = wrapper.framework; includeInIndex = 0; path = Pods_GameInfoAdvanceTest.framework; sourceTree = BUILT_PRODUCTS_DIR; };
		AFFC658AB50DC5F16F84401E /* Pods-GameInfoAdvance.release.xcconfig */ = {isa = PBXFileReference; includeInIndex = 1; lastKnownFileType = text.xcconfig; name = "Pods-GameInfoAdvance.release.xcconfig"; path = "Target Support Files/Pods-GameInfoAdvance/Pods-GameInfoAdvance.release.xcconfig"; sourceTree = "<group>"; };
/* End PBXFileReference section */

/* Begin PBXFrameworksBuildPhase section */
		88971A802A53264F0019ABFC /* Frameworks */ = {
			isa = PBXFrameworksBuildPhase;
			buildActionMask = 2147483647;
			files = (
				88571F1E2A8F1C9200A1D865 /* Favorite.framework in Frameworks */,
				88571F212A8F1CA600A1D865 /* Games.framework in Frameworks */,
				88571F242A8F1CB200A1D865 /* Profile.framework in Frameworks */,
				90C3109D1AB943C85B24B2A7 /* Pods_GameInfoAdvance.framework in Frameworks */,
			);
			runOnlyForDeploymentPostprocessing = 0;
		};
		88A5E9462A5C405A0043996B /* Frameworks */ = {
			isa = PBXFrameworksBuildPhase;
			buildActionMask = 2147483647;
			files = (
				00A1C2FC534B79A1086A0C68 /* Pods_GameInfoAdvanceTest.framework in Frameworks */,
			);
			runOnlyForDeploymentPostprocessing = 0;
		};
/* End PBXFrameworksBuildPhase section */

/* Begin PBXGroup section */
		881D88662A584765008D9D87 /* ViewModels */ = {
			isa = PBXGroup;
			children = (
				881D88682A5847A2008D9D87 /* GameDetailViewModel.swift */,
			);
			path = ViewModels;
			sourceTree = "<group>";
		};
		881D88672A58477F008D9D87 /* ViewControllers */ = {
			isa = PBXGroup;
			children = (
				881D88622A584654008D9D87 /* GameDetailViewController.swift */,
				881D88632A584654008D9D87 /* GameDetailViewController.xib */,
			);
			path = ViewControllers;
			sourceTree = "<group>";
		};
		881D886C2A5861E3008D9D87 /* Router */ = {
			isa = PBXGroup;
			children = (
				881D886D2A5861FE008D9D87 /* GameDetailRouter.swift */,
			);
			path = Router;
			sourceTree = "<group>";
		};
		886CB8352A9AE688009C071B /* Remote */ = {
			isa = PBXGroup;
			children = (
				886CB83E2A9B0036009C071B /* DataSource */,
				886CB8392A9AF4D4009C071B /* MockResponse */,
				886CB83F2A9B0220009C071B /* GameListRepositoryMock.swift */,
				886CB8452A9B1333009C071B /* GameDetailRepositoryMock.swift */,
			);
			path = Remote;
			sourceTree = "<group>";
		};
		886CB8382A9AF4BE009C071B /* Data */ = {
			isa = PBXGroup;
			children = (
				886CB8352A9AE688009C071B /* Remote */,
			);
			path = Data;
			sourceTree = "<group>";
		};
		886CB8392A9AF4D4009C071B /* MockResponse */ = {
			isa = PBXGroup;
			children = (
				886CB83C2A9AF5A3009C071B /* GameListNetworkResponse.json */,
				886CB84B2A9B1578009C071B /* GameDetailNetworkResponse.json */,
			);
			path = MockResponse;
			sourceTree = "<group>";
		};
		886CB83E2A9B0036009C071B /* DataSource */ = {
			isa = PBXGroup;
			children = (
				886CB8362A9AE6E7009C071B /* GetListGameRemoteDataSourceMock.swift */,
				886CB8472A9B1412009C071B /* GetDetailGameRemoteDataSourceMock.swift */,
			);
			path = DataSource;
			sourceTree = "<group>";
		};
		886CB8412A9B039F009C071B /* UseCase */ = {
			isa = PBXGroup;
			children = (
				88A671752A99185300903758 /* GameListUseCaseTest.swift */,
				886CB84D2A9B176F009C071B /* GameDetailUseCaseTest.swift */,
			);
			path = UseCase;
			sourceTree = "<group>";
		};
		886CB8422A9B0FEB009C071B /* DI */ = {
			isa = PBXGroup;
			children = (
				886CB8432A9B1005009C071B /* Injection+Ext.swift */,
			);
			path = DI;
			sourceTree = "<group>";
		};
		886CB84F2A9B2239009C071B /* Favorite */ = {
			isa = PBXGroup;
			children = (
				886CB8532A9B2395009C071B /* Data */,
				886CB8522A9B2296009C071B /* UseCase */,
			);
			path = Favorite;
			sourceTree = "<group>";
		};
		886CB8522A9B2296009C071B /* UseCase */ = {
			isa = PBXGroup;
			children = (
				886CB8502A9B228B009C071B /* FavoriteListUseCaseTest.swift */,
				886CB85D2A9B3347009C071B /* FavoriteAddUseCaseTest.swift */,
				886CB8612A9B35A6009C071B /* FavoriteRemoveUseCaseTest.swift */,
			);
			path = UseCase;
			sourceTree = "<group>";
		};
		886CB8532A9B2395009C071B /* Data */ = {
			isa = PBXGroup;
			children = (
				886CB8542A9B23B4009C071B /* Local */,
				886CB8592A9B2BFF009C071B /* FavoriteListRepositoryMock.swift */,
				886CB85B2A9B2EFE009C071B /* FavoriteAddRepositoryMock.swift */,
				886CB85F2A9B3525009C071B /* FavoriteRemoveRepositoryMock.swift */,
			);
			path = Data;
			sourceTree = "<group>";
		};
		886CB8542A9B23B4009C071B /* Local */ = {
			isa = PBXGroup;
			children = (
				886CB8552A9B25E6009C071B /* FavoriteLocalDataSourceMock.swift */,
				886CB8572A9B284F009C071B /* FavoriteModelMock.swift */,
			);
			path = Local;
			sourceTree = "<group>";
		};
		886CB8632A9B377F009C071B /* Profile */ = {
			isa = PBXGroup;
			children = (
				886CB8652A9B37C4009C071B /* Data */,
				886CB8642A9B37BE009C071B /* UseCase */,
			);
			path = Profile;
			sourceTree = "<group>";
		};
		886CB8642A9B37BE009C071B /* UseCase */ = {
			isa = PBXGroup;
			children = (
				886CB8742A9B3EA2009C071B /* ProfileUseCaseTest.swift */,
				886CB8762A9B4222009C071B /* ProfileEditUseCaseTest.swift */,
			);
			path = UseCase;
			sourceTree = "<group>";
		};
		886CB8652A9B37C4009C071B /* Data */ = {
			isa = PBXGroup;
			children = (
				886CB8672A9B3851009C071B /* Local */,
				886CB8662A9B3840009C071B /* Remote */,
				886CB86E2A9B3D4B009C071B /* ProfileRepositoryMock.swift */,
				886CB8702A9B3DD9009C071B /* ProfileEditRepositoryMock.swift */,
			);
			path = Data;
			sourceTree = "<group>";
		};
		886CB8662A9B3840009C071B /* Remote */ = {
			isa = PBXGroup;
			children = (
				886CB86C2A9B3B2F009C071B /* ProfileRemoteDataSourceMock.swift */,
			);
			path = Remote;
			sourceTree = "<group>";
		};
		886CB8672A9B3851009C071B /* Local */ = {
			isa = PBXGroup;
			children = (
				886CB8682A9B3897009C071B /* ProfileLocalDataSourceMock.swift */,
				886CB86A2A9B396E009C071B /* ProfileModelMock.swift */,
			);
			path = Local;
			sourceTree = "<group>";
		};
		8875D9EE2A5A7AF2004C0660 /* ViewControllers */ = {
			isa = PBXGroup;
			children = (
				8875D9F22A5A7B33004C0660 /* ProfileViewController.swift */,
				8875D9F32A5A7B33004C0660 /* ProfileViewController.xib */,
				8875DA0C2A5B047D004C0660 /* EditProfileViewController.swift */,
				8875DA0D2A5B047D004C0660 /* EditProfileViewController.xib */,
			);
			path = ViewControllers;
			sourceTree = "<group>";
		};
		8875D9EF2A5A7B03004C0660 /* ViewModels */ = {
			isa = PBXGroup;
			children = (
				8875DA022A5AD974004C0660 /* ProfileViewModel.swift */,
				8875DA102A5B0560004C0660 /* EditProfileViewModel.swift */,
			);
			path = ViewModels;
			sourceTree = "<group>";
		};
		8875DA082A5AE6CA004C0660 /* Router */ = {
			isa = PBXGroup;
			children = (
				8875DA092A5AE6D9004C0660 /* ProfileRouter.swift */,
				8875DA122A5B0D36004C0660 /* EditProfileRouter.swift */,
			);
			path = Router;
			sourceTree = "<group>";
		};
		88763C182A8E732700BB2021 /* Extensions */ = {
			isa = PBXGroup;
			children = (
				88571F1B2A8F099300A1D865 /* UIView+Ext.swift */,
			);
			path = Extensions;
			sourceTree = "<group>";
		};
		8889C7AF2A5696DB00954EC2 /* ViewControllers */ = {
			isa = PBXGroup;
			children = (
				8889C7AB2A5696D000954EC2 /* GameFavoriteViewController.swift */,
				8889C7AC2A5696D000954EC2 /* GameFavoriteViewController.xib */,
			);
			path = ViewControllers;
			sourceTree = "<group>";
		};
		8889C7B02A5696EF00954EC2 /* ViewModels */ = {
			isa = PBXGroup;
			children = (
				8889C7B12A56970800954EC2 /* GameFavoriteViewModel.swift */,
			);
			path = ViewModels;
			sourceTree = "<group>";
		};
		8889C7B32A56971200954EC2 /* Cells */ = {
			isa = PBXGroup;
			children = (
				8889C7BB2A569A9D00954EC2 /* GameFavoriteCollectionViewCell.swift */,
				8889C7BC2A569A9D00954EC2 /* GameFavoriteCollectionViewCell.xib */,
			);
			path = Cells;
			sourceTree = "<group>";
		};
		8889C7B82A56975B00954EC2 /* Router */ = {
			isa = PBXGroup;
			children = (
				8889C7B92A56978700954EC2 /* GameFavoriteRouter.swift */,
			);
			path = Router;
			sourceTree = "<group>";
		};
		888BFAE62A554C67002E281C /* ViewControllers */ = {
			isa = PBXGroup;
			children = (
				888BFAEB2A554CBF002E281C /* GameViewController.swift */,
				888BFAEC2A554CBF002E281C /* GameViewController.xib */,
			);
			path = ViewControllers;
			sourceTree = "<group>";
		};
		888BFAE72A554C72002E281C /* ViewModels */ = {
			isa = PBXGroup;
			children = (
				888BFAF62A554D97002E281C /* GameViewModel.swift */,
			);
			path = ViewModels;
			sourceTree = "<group>";
		};
		888BFAE82A554C7C002E281C /* Router */ = {
			isa = PBXGroup;
			children = (
				888BFAF42A554D89002E281C /* GameRouter.swift */,
			);
			path = Router;
			sourceTree = "<group>";
		};
		888BFAEF2A554CE2002E281C /* Cells */ = {
			isa = PBXGroup;
			children = (
				888BFAF02A554D72002E281C /* GameTableViewCell.swift */,
				888BFAF12A554D72002E281C /* GameTableViewCell.xib */,
			);
			path = Cells;
			sourceTree = "<group>";
		};
		88971A7A2A53264F0019ABFC = {
			isa = PBXGroup;
			children = (
				88971A852A53264F0019ABFC /* GameInfoAdvance */,
				88A5E94A2A5C405A0043996B /* GameInfoAdvanceTest */,
				F12A37FD7B7E81076F8023B1 /* Pods */,
				A8E356C8B23C365567E3F867 /* Frameworks */,
				88A671742A99185200903758 /* GameInfoAdvanceTest.xctest */,
				886CB8342A9A21AC009C071B /* GameInfoAdvance.app */,
			);
			sourceTree = "<group>";
		};
		88971A852A53264F0019ABFC /* GameInfoAdvance */ = {
			isa = PBXGroup;
			children = (
				88971AAE2A5329D20019ABFC /* Utils */,
				88971A9C2A5327720019ABFC /* Modules */,
				88971A9B2A5326C10019ABFC /* App */,
				88971A9A2A5326900019ABFC /* SupportingFiles */,
			);
			path = GameInfoAdvance;
			sourceTree = "<group>";
		};
		88971A9A2A5326900019ABFC /* SupportingFiles */ = {
			isa = PBXGroup;
			children = (
				88971AD52A5330D90019ABFC /* XConfig */,
				88971A8F2A5326510019ABFC /* Assets.xcassets */,
				88971A912A5326510019ABFC /* LaunchScreen.storyboard */,
				88971A942A5326510019ABFC /* Info.plist */,
			);
			path = SupportingFiles;
			sourceTree = "<group>";
		};
		88971A9B2A5326C10019ABFC /* App */ = {
			isa = PBXGroup;
			children = (
				88971A862A53264F0019ABFC /* AppDelegate.swift */,
				88971A882A53264F0019ABFC /* SceneDelegate.swift */,
			);
			path = App;
			sourceTree = "<group>";
		};
		88971A9C2A5327720019ABFC /* Modules */ = {
			isa = PBXGroup;
			children = (
				88971AAD2A5329B40019ABFC /* TabBar */,
				88971AAC2A5329370019ABFC /* Profile */,
				88971AAB2A5328B50019ABFC /* GameDetail */,
				88971AAA2A5328AC0019ABFC /* GamesFavorite */,
				88971AA92A5328A60019ABFC /* Games */,
			);
			path = Modules;
			sourceTree = "<group>";
		};
		88971AA92A5328A60019ABFC /* Games */ = {
			isa = PBXGroup;
			children = (
				888BFAEF2A554CE2002E281C /* Cells */,
				888BFAE82A554C7C002E281C /* Router */,
				888BFAE72A554C72002E281C /* ViewModels */,
				888BFAE62A554C67002E281C /* ViewControllers */,
			);
			path = Games;
			sourceTree = "<group>";
		};
		88971AAA2A5328AC0019ABFC /* GamesFavorite */ = {
			isa = PBXGroup;
			children = (
				8889C7B82A56975B00954EC2 /* Router */,
				8889C7B32A56971200954EC2 /* Cells */,
				8889C7B02A5696EF00954EC2 /* ViewModels */,
				8889C7AF2A5696DB00954EC2 /* ViewControllers */,
			);
			path = GamesFavorite;
			sourceTree = "<group>";
		};
		88971AAB2A5328B50019ABFC /* GameDetail */ = {
			isa = PBXGroup;
			children = (
				881D886C2A5861E3008D9D87 /* Router */,
				881D88672A58477F008D9D87 /* ViewControllers */,
				881D88662A584765008D9D87 /* ViewModels */,
			);
			path = GameDetail;
			sourceTree = "<group>";
		};
		88971AAC2A5329370019ABFC /* Profile */ = {
			isa = PBXGroup;
			children = (
				8875DA082A5AE6CA004C0660 /* Router */,
				8875D9EF2A5A7B03004C0660 /* ViewModels */,
				8875D9EE2A5A7AF2004C0660 /* ViewControllers */,
			);
			path = Profile;
			sourceTree = "<group>";
		};
		88971AAD2A5329B40019ABFC /* TabBar */ = {
			isa = PBXGroup;
			children = (
				888BFAE42A5548C7002E281C /* MainTabBarController.swift */,
			);
			path = TabBar;
			sourceTree = "<group>";
		};
		88971AAE2A5329D20019ABFC /* Utils */ = {
			isa = PBXGroup;
			children = (
				88763C182A8E732700BB2021 /* Extensions */,
				88971ADA2A533D210019ABFC /* APIConstants.swift */,
				88971AAF2A5329E00019ABFC /* DI */,
			);
			path = Utils;
			sourceTree = "<group>";
		};
		88971AAF2A5329E00019ABFC /* DI */ = {
			isa = PBXGroup;
			children = (
				888BFAE22A5544AC002E281C /* Injection.swift */,
			);
			path = DI;
			sourceTree = "<group>";
		};
		88971AD52A5330D90019ABFC /* XConfig */ = {
			isa = PBXGroup;
			children = (
				88971AD32A532F110019ABFC /* AppConfig.swift */,
				88971AD62A5331040019ABFC /* Development.xcconfig */,
			);
			path = XConfig;
			sourceTree = "<group>";
		};
		88A5E94A2A5C405A0043996B /* GameInfoAdvanceTest */ = {
			isa = PBXGroup;
			children = (
				88BE305B2A627FEF00DA7592 /* GameInfoAdvanceTestPlan.xctestplan */,
				886CB8422A9B0FEB009C071B /* DI */,
				886CB84F2A9B2239009C071B /* Favorite */,
				88A671722A9917C500903758 /* Games */,
				886CB8632A9B377F009C071B /* Profile */,
			);
			path = GameInfoAdvanceTest;
			sourceTree = "<group>";
		};
		88A671722A9917C500903758 /* Games */ = {
			isa = PBXGroup;
			children = (
				886CB8412A9B039F009C071B /* UseCase */,
				886CB8382A9AF4BE009C071B /* Data */,
				88A671732A99185200903758 /* GameInfoAdvanceTest-Bridging-Header.h */,
			);
			path = Games;
			sourceTree = "<group>";
		};
		A8E356C8B23C365567E3F867 /* Frameworks */ = {
			isa = PBXGroup;
			children = (
				88571F232A8F1CB200A1D865 /* Profile.framework */,
				88571F202A8F1CA600A1D865 /* Games.framework */,
				88571F1D2A8F1C9200A1D865 /* Favorite.framework */,
				5F728791918285F2E47156FA /* Pods_GameInfoAdvance.framework */,
				90A8CD03E55C191A079263D8 /* Pods_GameInfoAdvanceTest.framework */,
			);
			name = Frameworks;
			sourceTree = "<group>";
		};
		F12A37FD7B7E81076F8023B1 /* Pods */ = {
			isa = PBXGroup;
			children = (
				5DB06612D7D9BACFB18BF64E /* Pods-GameInfoAdvance.debug.xcconfig */,
				AFFC658AB50DC5F16F84401E /* Pods-GameInfoAdvance.release.xcconfig */,
				0A4029E201C3C8D9F3FF4BF9 /* Pods-GameInfoAdvanceTest.debug.xcconfig */,
				05BC394FD935A7B6C9429F37 /* Pods-GameInfoAdvanceTest.release.xcconfig */,
			);
			path = Pods;
			sourceTree = "<group>";
		};
/* End PBXGroup section */

/* Begin PBXNativeTarget section */
		88971A822A53264F0019ABFC /* GameInfoAdvance */ = {
			isa = PBXNativeTarget;
			buildConfigurationList = 88971A972A5326510019ABFC /* Build configuration list for PBXNativeTarget "GameInfoAdvance" */;
			buildPhases = (
				8DB978129A3F13EEBDA56349 /* [CP] Check Pods Manifest.lock */,
				88971A7F2A53264F0019ABFC /* Sources */,
				88971A802A53264F0019ABFC /* Frameworks */,
				88971A812A53264F0019ABFC /* Resources */,
				882C0A452A7F6CDE007D4A64 /* Embed Frameworks */,
				D25EF92894FFF6320BEEA3AC /* [CP] Embed Pods Frameworks */,
				88251D102A8E2A7E009FD62D /* swiftlint */,
			);
			buildRules = (
			);
			dependencies = (
			);
			name = GameInfoAdvance;
			productName = GameInfoAdvance;
			productReference = 886CB8342A9A21AC009C071B /* GameInfoAdvance.app */;
			productType = "com.apple.product-type.application";
		};
		88A5E9482A5C405A0043996B /* GameInfoAdvanceTest */ = {
			isa = PBXNativeTarget;
			buildConfigurationList = 88A5E9512A5C405A0043996B /* Build configuration list for PBXNativeTarget "GameInfoAdvanceTest" */;
			buildPhases = (
				AE4E42BE3D98943838D6BF48 /* [CP] Check Pods Manifest.lock */,
				88A5E9452A5C405A0043996B /* Sources */,
				88A5E9462A5C405A0043996B /* Frameworks */,
				88A5E9472A5C405A0043996B /* Resources */,
				B25B71FFF706C1CC0FD34FC4 /* [CP] Embed Pods Frameworks */,
			);
			buildRules = (
			);
			dependencies = (
				88A5E94E2A5C405A0043996B /* PBXTargetDependency */,
			);
			name = GameInfoAdvanceTest;
			productName = GameInfoAdvanceTest;
			productReference = 88A671742A99185200903758 /* GameInfoAdvanceTest.xctest */;
			productType = "com.apple.product-type.bundle.unit-test";
		};
/* End PBXNativeTarget section */

/* Begin PBXProject section */
		88971A7B2A53264F0019ABFC /* Project object */ = {
			isa = PBXProject;
			attributes = {
				BuildIndependentTargetsInParallel = 1;
				LastSwiftUpdateCheck = 1430;
				LastUpgradeCheck = 1430;
				TargetAttributes = {
					88971A822A53264F0019ABFC = {
						CreatedOnToolsVersion = 14.3.1;
					};
					88A5E9482A5C405A0043996B = {
						CreatedOnToolsVersion = 14.3.1;
						LastSwiftMigration = 1430;
						TestTargetID = 88971A822A53264F0019ABFC;
					};
				};
			};
			buildConfigurationList = 88971A7E2A53264F0019ABFC /* Build configuration list for PBXProject "GameInfoAdvance" */;
			compatibilityVersion = "Xcode 14.0";
			developmentRegion = en;
			hasScannedForEncodings = 0;
			knownRegions = (
				en,
				Base,
			);
			mainGroup = 88971A7A2A53264F0019ABFC;
			productRefGroup = 88971A7A2A53264F0019ABFC;
			projectDirPath = "";
			projectRoot = "";
			targets = (
				88971A822A53264F0019ABFC /* GameInfoAdvance */,
				88A5E9482A5C405A0043996B /* GameInfoAdvanceTest */,
			);
		};
/* End PBXProject section */

/* Begin PBXResourcesBuildPhase section */
		88971A812A53264F0019ABFC /* Resources */ = {
			isa = PBXResourcesBuildPhase;
			buildActionMask = 2147483647;
			files = (
				8875D9F52A5A7B33004C0660 /* ProfileViewController.xib in Resources */,
				8889C7AE2A5696D000954EC2 /* GameFavoriteViewController.xib in Resources */,
				881D88652A584654008D9D87 /* GameDetailViewController.xib in Resources */,
				8889C7BE2A569A9D00954EC2 /* GameFavoriteCollectionViewCell.xib in Resources */,
				8875DA0F2A5B047D004C0660 /* EditProfileViewController.xib in Resources */,
				88971A932A5326510019ABFC /* LaunchScreen.storyboard in Resources */,
				88971A902A5326510019ABFC /* Assets.xcassets in Resources */,
				888BFAEE2A554CBF002E281C /* GameViewController.xib in Resources */,
				888BFAF32A554D72002E281C /* GameTableViewCell.xib in Resources */,
			);
			runOnlyForDeploymentPostprocessing = 0;
		};
		88A5E9472A5C405A0043996B /* Resources */ = {
			isa = PBXResourcesBuildPhase;
			buildActionMask = 2147483647;
			files = (
				886CB84C2A9B1578009C071B /* GameDetailNetworkResponse.json in Resources */,
				886CB83D2A9AF5A3009C071B /* GameListNetworkResponse.json in Resources */,
			);
			runOnlyForDeploymentPostprocessing = 0;
		};
/* End PBXResourcesBuildPhase section */

/* Begin PBXShellScriptBuildPhase section */
		88251D102A8E2A7E009FD62D /* swiftlint */ = {
			isa = PBXShellScriptBuildPhase;
			alwaysOutOfDate = 1;
			buildActionMask = 2147483647;
			files = (
			);
			inputFileListPaths = (
			);
			inputPaths = (
			);
			name = swiftlint;
			outputFileListPaths = (
			);
			outputPaths = (
			);
			runOnlyForDeploymentPostprocessing = 0;
			shellPath = /bin/sh;
			shellScript = "if [[ \"$(uname -m)\" == arm64 ]]; then\n    export PATH=\"/opt/homebrew/bin:$PATH\"\nfi\n\nif which swiftlint > /dev/null; then\n  swiftlint\nelse\n  echo \"warning: SwiftLint not installed, download from https://github.com/realm/SwiftLint\"\nfi\n";
		};
		8DB978129A3F13EEBDA56349 /* [CP] Check Pods Manifest.lock */ = {
			isa = PBXShellScriptBuildPhase;
			buildActionMask = 2147483647;
			files = (
			);
			inputFileListPaths = (
			);
			inputPaths = (
				"${PODS_PODFILE_DIR_PATH}/Podfile.lock",
				"${PODS_ROOT}/Manifest.lock",
			);
			name = "[CP] Check Pods Manifest.lock";
			outputFileListPaths = (
			);
			outputPaths = (
				"$(DERIVED_FILE_DIR)/Pods-GameInfoAdvance-checkManifestLockResult.txt",
			);
			runOnlyForDeploymentPostprocessing = 0;
			shellPath = /bin/sh;
			shellScript = "diff \"${PODS_PODFILE_DIR_PATH}/Podfile.lock\" \"${PODS_ROOT}/Manifest.lock\" > /dev/null\nif [ $? != 0 ] ; then\n    # print error to STDERR\n    echo \"error: The sandbox is not in sync with the Podfile.lock. Run 'pod install' or update your CocoaPods installation.\" >&2\n    exit 1\nfi\n# This output is used by Xcode 'outputs' to avoid re-running this script phase.\necho \"SUCCESS\" > \"${SCRIPT_OUTPUT_FILE_0}\"\n";
			showEnvVarsInLog = 0;
		};
		AE4E42BE3D98943838D6BF48 /* [CP] Check Pods Manifest.lock */ = {
			isa = PBXShellScriptBuildPhase;
			buildActionMask = 2147483647;
			files = (
			);
			inputFileListPaths = (
			);
			inputPaths = (
				"${PODS_PODFILE_DIR_PATH}/Podfile.lock",
				"${PODS_ROOT}/Manifest.lock",
			);
			name = "[CP] Check Pods Manifest.lock";
			outputFileListPaths = (
			);
			outputPaths = (
				"$(DERIVED_FILE_DIR)/Pods-GameInfoAdvanceTest-checkManifestLockResult.txt",
			);
			runOnlyForDeploymentPostprocessing = 0;
			shellPath = /bin/sh;
			shellScript = "diff \"${PODS_PODFILE_DIR_PATH}/Podfile.lock\" \"${PODS_ROOT}/Manifest.lock\" > /dev/null\nif [ $? != 0 ] ; then\n    # print error to STDERR\n    echo \"error: The sandbox is not in sync with the Podfile.lock. Run 'pod install' or update your CocoaPods installation.\" >&2\n    exit 1\nfi\n# This output is used by Xcode 'outputs' to avoid re-running this script phase.\necho \"SUCCESS\" > \"${SCRIPT_OUTPUT_FILE_0}\"\n";
			showEnvVarsInLog = 0;
		};
		B25B71FFF706C1CC0FD34FC4 /* [CP] Embed Pods Frameworks */ = {
			isa = PBXShellScriptBuildPhase;
			buildActionMask = 2147483647;
			files = (
			);
			inputFileListPaths = (
				"${PODS_ROOT}/Target Support Files/Pods-GameInfoAdvanceTest/Pods-GameInfoAdvanceTest-frameworks-${CONFIGURATION}-input-files.xcfilelist",
			);
			name = "[CP] Embed Pods Frameworks";
			outputFileListPaths = (
				"${PODS_ROOT}/Target Support Files/Pods-GameInfoAdvanceTest/Pods-GameInfoAdvanceTest-frameworks-${CONFIGURATION}-output-files.xcfilelist",
			);
			runOnlyForDeploymentPostprocessing = 0;
			shellPath = /bin/sh;
			shellScript = "\"${PODS_ROOT}/Target Support Files/Pods-GameInfoAdvanceTest/Pods-GameInfoAdvanceTest-frameworks.sh\"\n";
			showEnvVarsInLog = 0;
		};
		D25EF92894FFF6320BEEA3AC /* [CP] Embed Pods Frameworks */ = {
			isa = PBXShellScriptBuildPhase;
			buildActionMask = 2147483647;
			files = (
			);
			inputFileListPaths = (
				"${PODS_ROOT}/Target Support Files/Pods-GameInfoAdvance/Pods-GameInfoAdvance-frameworks-${CONFIGURATION}-input-files.xcfilelist",
			);
			name = "[CP] Embed Pods Frameworks";
			outputFileListPaths = (
				"${PODS_ROOT}/Target Support Files/Pods-GameInfoAdvance/Pods-GameInfoAdvance-frameworks-${CONFIGURATION}-output-files.xcfilelist",
			);
			runOnlyForDeploymentPostprocessing = 0;
			shellPath = /bin/sh;
			shellScript = "\"${PODS_ROOT}/Target Support Files/Pods-GameInfoAdvance/Pods-GameInfoAdvance-frameworks.sh\"\n";
			showEnvVarsInLog = 0;
		};
/* End PBXShellScriptBuildPhase section */

/* Begin PBXSourcesBuildPhase section */
		88971A7F2A53264F0019ABFC /* Sources */ = {
			isa = PBXSourcesBuildPhase;
			buildActionMask = 2147483647;
			files = (
				881D886E2A5861FE008D9D87 /* GameDetailRouter.swift in Sources */,
				88971A872A53264F0019ABFC /* AppDelegate.swift in Sources */,
				8875D9F42A5A7B33004C0660 /* ProfileViewController.swift in Sources */,
				8889C7BA2A56978700954EC2 /* GameFavoriteRouter.swift in Sources */,
				8875DA032A5AD974004C0660 /* ProfileViewModel.swift in Sources */,
				88971AD42A532F110019ABFC /* AppConfig.swift in Sources */,
				8889C7BD2A569A9D00954EC2 /* GameFavoriteCollectionViewCell.swift in Sources */,
				88971ADB2A533D210019ABFC /* APIConstants.swift in Sources */,
				881D88642A584654008D9D87 /* GameDetailViewController.swift in Sources */,
				881D88692A5847A2008D9D87 /* GameDetailViewModel.swift in Sources */,
				8875DA0E2A5B047D004C0660 /* EditProfileViewController.swift in Sources */,
				888BFAF22A554D72002E281C /* GameTableViewCell.swift in Sources */,
				888BFAE52A5548C7002E281C /* MainTabBarController.swift in Sources */,
				8889C7AD2A5696D000954EC2 /* GameFavoriteViewController.swift in Sources */,
				8875DA112A5B0560004C0660 /* EditProfileViewModel.swift in Sources */,
				888BFAE32A5544AC002E281C /* Injection.swift in Sources */,
				888BFAF52A554D89002E281C /* GameRouter.swift in Sources */,
				88971A892A53264F0019ABFC /* SceneDelegate.swift in Sources */,
				888BFAF72A554D97002E281C /* GameViewModel.swift in Sources */,
				888BFAED2A554CBF002E281C /* GameViewController.swift in Sources */,
				88571F1C2A8F099300A1D865 /* UIView+Ext.swift in Sources */,
				8875DA132A5B0D36004C0660 /* EditProfileRouter.swift in Sources */,
				8875DA0A2A5AE6D9004C0660 /* ProfileRouter.swift in Sources */,
				8889C7B22A56970800954EC2 /* GameFavoriteViewModel.swift in Sources */,
			);
			runOnlyForDeploymentPostprocessing = 0;
		};
		88A5E9452A5C405A0043996B /* Sources */ = {
			isa = PBXSourcesBuildPhase;
			buildActionMask = 2147483647;
			files = (
				886CB8562A9B25E6009C071B /* FavoriteLocalDataSourceMock.swift in Sources */,
				886CB85C2A9B2EFE009C071B /* FavoriteAddRepositoryMock.swift in Sources */,
				886CB86D2A9B3B2F009C071B /* ProfileRemoteDataSourceMock.swift in Sources */,
				886CB8712A9B3DD9009C071B /* ProfileEditRepositoryMock.swift in Sources */,
				886CB8752A9B3EA2009C071B /* ProfileUseCaseTest.swift in Sources */,
				886CB8772A9B4222009C071B /* ProfileEditUseCaseTest.swift in Sources */,
				88A671762A99185300903758 /* GameListUseCaseTest.swift in Sources */,
				886CB8442A9B1005009C071B /* Injection+Ext.swift in Sources */,
				886CB8482A9B1412009C071B /* GetDetailGameRemoteDataSourceMock.swift in Sources */,
				886CB8402A9B0220009C071B /* GameListRepositoryMock.swift in Sources */,
				886CB85A2A9B2BFF009C071B /* FavoriteListRepositoryMock.swift in Sources */,
				886CB8462A9B1333009C071B /* GameDetailRepositoryMock.swift in Sources */,
				886CB8692A9B3897009C071B /* ProfileLocalDataSourceMock.swift in Sources */,
				886CB85E2A9B3347009C071B /* FavoriteAddUseCaseTest.swift in Sources */,
				886CB8602A9B3525009C071B /* FavoriteRemoveRepositoryMock.swift in Sources */,
				886CB86B2A9B396E009C071B /* ProfileModelMock.swift in Sources */,
				886CB8512A9B228B009C071B /* FavoriteListUseCaseTest.swift in Sources */,
				886CB86F2A9B3D4B009C071B /* ProfileRepositoryMock.swift in Sources */,
				886CB84E2A9B176F009C071B /* GameDetailUseCaseTest.swift in Sources */,
				886CB8372A9AE6E7009C071B /* GetListGameRemoteDataSourceMock.swift in Sources */,
				886CB8582A9B284F009C071B /* FavoriteModelMock.swift in Sources */,
				886CB8622A9B35A6009C071B /* FavoriteRemoveUseCaseTest.swift in Sources */,
			);
			runOnlyForDeploymentPostprocessing = 0;
		};
/* End PBXSourcesBuildPhase section */

/* Begin PBXTargetDependency section */
		88A5E94E2A5C405A0043996B /* PBXTargetDependency */ = {
			isa = PBXTargetDependency;
			target = 88971A822A53264F0019ABFC /* GameInfoAdvance */;
			targetProxy = 88A5E94D2A5C405A0043996B /* PBXContainerItemProxy */;
		};
/* End PBXTargetDependency section */

/* Begin PBXVariantGroup section */
		88971A912A5326510019ABFC /* LaunchScreen.storyboard */ = {
			isa = PBXVariantGroup;
			children = (
				88971A922A5326510019ABFC /* Base */,
			);
			name = LaunchScreen.storyboard;
			sourceTree = "<group>";
		};
/* End PBXVariantGroup section */

/* Begin XCBuildConfiguration section */
		88971A952A5326510019ABFC /* Debug */ = {
			isa = XCBuildConfiguration;
			baseConfigurationReference = 88971AD62A5331040019ABFC /* Development.xcconfig */;
			buildSettings = {
				ALWAYS_SEARCH_USER_PATHS = NO;
				CLANG_ANALYZER_NONNULL = YES;
				CLANG_ANALYZER_NUMBER_OBJECT_CONVERSION = YES_AGGRESSIVE;
				CLANG_CXX_LANGUAGE_STANDARD = "gnu++20";
				CLANG_ENABLE_MODULES = YES;
				CLANG_ENABLE_OBJC_ARC = YES;
				CLANG_ENABLE_OBJC_WEAK = YES;
				CLANG_WARN_BLOCK_CAPTURE_AUTORELEASING = YES;
				CLANG_WARN_BOOL_CONVERSION = YES;
				CLANG_WARN_COMMA = YES;
				CLANG_WARN_CONSTANT_CONVERSION = YES;
				CLANG_WARN_DEPRECATED_OBJC_IMPLEMENTATIONS = YES;
				CLANG_WARN_DIRECT_OBJC_ISA_USAGE = YES_ERROR;
				CLANG_WARN_DOCUMENTATION_COMMENTS = YES;
				CLANG_WARN_EMPTY_BODY = YES;
				CLANG_WARN_ENUM_CONVERSION = YES;
				CLANG_WARN_INFINITE_RECURSION = YES;
				CLANG_WARN_INT_CONVERSION = YES;
				CLANG_WARN_NON_LITERAL_NULL_CONVERSION = YES;
				CLANG_WARN_OBJC_IMPLICIT_RETAIN_SELF = YES;
				CLANG_WARN_OBJC_LITERAL_CONVERSION = YES;
				CLANG_WARN_OBJC_ROOT_CLASS = YES_ERROR;
				CLANG_WARN_QUOTED_INCLUDE_IN_FRAMEWORK_HEADER = YES;
				CLANG_WARN_RANGE_LOOP_ANALYSIS = YES;
				CLANG_WARN_STRICT_PROTOTYPES = YES;
				CLANG_WARN_SUSPICIOUS_MOVE = YES;
				CLANG_WARN_UNGUARDED_AVAILABILITY = YES_AGGRESSIVE;
				CLANG_WARN_UNREACHABLE_CODE = YES;
				CLANG_WARN__DUPLICATE_METHOD_MATCH = YES;
				COPY_PHASE_STRIP = NO;
				DEBUG_INFORMATION_FORMAT = dwarf;
				ENABLE_STRICT_OBJC_MSGSEND = YES;
				ENABLE_TESTABILITY = YES;
				GCC_C_LANGUAGE_STANDARD = gnu11;
				GCC_DYNAMIC_NO_PIC = NO;
				GCC_NO_COMMON_BLOCKS = YES;
				GCC_OPTIMIZATION_LEVEL = 0;
				GCC_PREPROCESSOR_DEFINITIONS = (
					"DEBUG=1",
					"$(inherited)",
				);
				GCC_WARN_64_TO_32_BIT_CONVERSION = YES;
				GCC_WARN_ABOUT_RETURN_TYPE = YES_ERROR;
				GCC_WARN_UNDECLARED_SELECTOR = YES;
				GCC_WARN_UNINITIALIZED_AUTOS = YES_AGGRESSIVE;
				GCC_WARN_UNUSED_FUNCTION = YES;
				GCC_WARN_UNUSED_VARIABLE = YES;
				IPHONEOS_DEPLOYMENT_TARGET = 13.0;
				MTL_ENABLE_DEBUG_INFO = INCLUDE_SOURCE;
				MTL_FAST_MATH = YES;
				ONLY_ACTIVE_ARCH = YES;
				SDKROOT = iphoneos;
				SWIFT_ACTIVE_COMPILATION_CONDITIONS = DEBUG;
				SWIFT_OPTIMIZATION_LEVEL = "-Onone";
			};
			name = Debug;
		};
		88971A962A5326510019ABFC /* Release */ = {
			isa = XCBuildConfiguration;
			baseConfigurationReference = 88971AD62A5331040019ABFC /* Development.xcconfig */;
			buildSettings = {
				ALWAYS_SEARCH_USER_PATHS = NO;
				CLANG_ANALYZER_NONNULL = YES;
				CLANG_ANALYZER_NUMBER_OBJECT_CONVERSION = YES_AGGRESSIVE;
				CLANG_CXX_LANGUAGE_STANDARD = "gnu++20";
				CLANG_ENABLE_MODULES = YES;
				CLANG_ENABLE_OBJC_ARC = YES;
				CLANG_ENABLE_OBJC_WEAK = YES;
				CLANG_WARN_BLOCK_CAPTURE_AUTORELEASING = YES;
				CLANG_WARN_BOOL_CONVERSION = YES;
				CLANG_WARN_COMMA = YES;
				CLANG_WARN_CONSTANT_CONVERSION = YES;
				CLANG_WARN_DEPRECATED_OBJC_IMPLEMENTATIONS = YES;
				CLANG_WARN_DIRECT_OBJC_ISA_USAGE = YES_ERROR;
				CLANG_WARN_DOCUMENTATION_COMMENTS = YES;
				CLANG_WARN_EMPTY_BODY = YES;
				CLANG_WARN_ENUM_CONVERSION = YES;
				CLANG_WARN_INFINITE_RECURSION = YES;
				CLANG_WARN_INT_CONVERSION = YES;
				CLANG_WARN_NON_LITERAL_NULL_CONVERSION = YES;
				CLANG_WARN_OBJC_IMPLICIT_RETAIN_SELF = YES;
				CLANG_WARN_OBJC_LITERAL_CONVERSION = YES;
				CLANG_WARN_OBJC_ROOT_CLASS = YES_ERROR;
				CLANG_WARN_QUOTED_INCLUDE_IN_FRAMEWORK_HEADER = YES;
				CLANG_WARN_RANGE_LOOP_ANALYSIS = YES;
				CLANG_WARN_STRICT_PROTOTYPES = YES;
				CLANG_WARN_SUSPICIOUS_MOVE = YES;
				CLANG_WARN_UNGUARDED_AVAILABILITY = YES_AGGRESSIVE;
				CLANG_WARN_UNREACHABLE_CODE = YES;
				CLANG_WARN__DUPLICATE_METHOD_MATCH = YES;
				COPY_PHASE_STRIP = NO;
				DEBUG_INFORMATION_FORMAT = "dwarf-with-dsym";
				ENABLE_NS_ASSERTIONS = NO;
				ENABLE_STRICT_OBJC_MSGSEND = YES;
				GCC_C_LANGUAGE_STANDARD = gnu11;
				GCC_NO_COMMON_BLOCKS = YES;
				GCC_WARN_64_TO_32_BIT_CONVERSION = YES;
				GCC_WARN_ABOUT_RETURN_TYPE = YES_ERROR;
				GCC_WARN_UNDECLARED_SELECTOR = YES;
				GCC_WARN_UNINITIALIZED_AUTOS = YES_AGGRESSIVE;
				GCC_WARN_UNUSED_FUNCTION = YES;
				GCC_WARN_UNUSED_VARIABLE = YES;
				IPHONEOS_DEPLOYMENT_TARGET = 13.0;
				MTL_ENABLE_DEBUG_INFO = NO;
				MTL_FAST_MATH = YES;
				SDKROOT = iphoneos;
				SWIFT_COMPILATION_MODE = wholemodule;
				SWIFT_OPTIMIZATION_LEVEL = "-O";
				VALIDATE_PRODUCT = YES;
			};
			name = Release;
		};
		88971A982A5326510019ABFC /* Debug */ = {
			isa = XCBuildConfiguration;
			baseConfigurationReference = 88971AD62A5331040019ABFC /* Development.xcconfig */;
			buildSettings = {
				ASSETCATALOG_COMPILER_APPICON_NAME = AppIcon;
				ASSETCATALOG_COMPILER_GLOBAL_ACCENT_COLOR_NAME = AccentColor;
				CODE_SIGN_STYLE = Automatic;
				CURRENT_PROJECT_VERSION = 1;
				FRAMEWORK_SEARCH_PATHS = (
					"\"${PODS_CONFIGURATION_BUILD_DIR}/Common\"",
					"$(inherited)",
					"\"${PODS_CONFIGURATION_BUILD_DIR}/Core\"",
					"\"${PODS_CONFIGURATION_BUILD_DIR}/SDWebImage\"",
					"\"${PODS_CONFIGURATION_BUILD_DIR}/Realm\"",
					"\"${PODS_CONFIGURATION_BUILD_DIR}/RealmSwift\"",
					"\"${PODS_CONFIGURATION_BUILD_DIR}/RxCocoa\"",
					"\"${PODS_CONFIGURATION_BUILD_DIR}/RxSwift\"",
					"\"${PODS_CONFIGURATION_BUILD_DIR}/RxRelay\"",
					"\"${PODS_CONFIGURATION_BUILD_DIR}/Alamofire\"",
					"\"${PODS_CONFIGURATION_BUILD_DIR}/SkeletonView\"",
					"\"${PODS_CONFIGURATION_BUILD_DIR}/Shimmer\"",
				);
				GENERATE_INFOPLIST_FILE = YES;
				HEADER_SEARCH_PATHS = (
					"$(inherited)",
					"\"${PODS_CONFIGURATION_BUILD_DIR}/Common\"",
					"\"${PODS_CONFIGURATION_BUILD_DIR}/Core\"",
					"\"${PODS_CONFIGURATION_BUILD_DIR}/SDWebImage\"",
					"\"${PODS_CONFIGURATION_BUILD_DIR}/Realm\"",
					"\"${PODS_CONFIGURATION_BUILD_DIR}/RealmSwift\"",
					"\"${PODS_CONFIGURATION_BUILD_DIR}/RxCocoa\"",
					"\"${PODS_CONFIGURATION_BUILD_DIR}/RxSwift\"",
					"\"${PODS_CONFIGURATION_BUILD_DIR}/RxRelay\"",
					"\"${PODS_CONFIGURATION_BUILD_DIR}/Alamofire\"",
					"\"${PODS_CONFIGURATION_BUILD_DIR}/SkeletonView\"",
					"\"${PODS_CONFIGURATION_BUILD_DIR}/Shimmer\"",
				);
				INFOPLIST_FILE = GameInfoAdvance/SupportingFiles/Info.plist;
				INFOPLIST_KEY_LSApplicationCategoryType = "public.app-category.magazines-and-newspapers";
				INFOPLIST_KEY_UIApplicationSupportsIndirectInputEvents = YES;
				INFOPLIST_KEY_UILaunchStoryboardName = LaunchScreen;
				INFOPLIST_KEY_UISupportedInterfaceOrientations_iPad = "UIInterfaceOrientationPortrait UIInterfaceOrientationPortraitUpsideDown UIInterfaceOrientationLandscapeLeft UIInterfaceOrientationLandscapeRight";
				INFOPLIST_KEY_UISupportedInterfaceOrientations_iPhone = "UIInterfaceOrientationPortrait UIInterfaceOrientationLandscapeLeft UIInterfaceOrientationLandscapeRight";
				LD_RUNPATH_SEARCH_PATHS = (
					"$(inherited)",
					"@executable_path/Frameworks",
				);
				MARKETING_VERSION = 1.0;
				OTHER_LDFLAGS = "-ObjC";
				OTHER_SWIFT_FLAGS = "-D $(inherited) COCOAPODS";
				PODS_BUILD_DIR = "${BUILD_DIR}";
				PODS_CONFIGURATION_BUILD_DIR = "${PODS_BUILD_DIR}/$(CONFIGURATION)$(EFFECTIVE_PLATFORM_NAME)";
				PODS_PODFILE_DIR_PATH = "${SRCROOT}/.";
				PODS_ROOT = "${SRCROOT}/Pods";
				PODS_XCFRAMEWORKS_BUILD_DIR = "$(PODS_CONFIGURATION_BUILD_DIR)/XCFrameworkIntermediates";
				PRODUCT_BUNDLE_IDENTIFIER = com.djakapermana.www.GameInfoAdvance;
				PRODUCT_NAME = "$(TARGET_NAME)";
				SUPPORTED_PLATFORMS = "iphoneos iphonesimulator";
				SUPPORTS_MACCATALYST = NO;
				SUPPORTS_MAC_DESIGNED_FOR_IPHONE_IPAD = NO;
				SWIFT_EMIT_LOC_STRINGS = YES;
				SWIFT_OBJC_BRIDGING_HEADER = "";
				SWIFT_VERSION = 5.0;
				TARGETED_DEVICE_FAMILY = "1,2";
				USE_RECURSIVE_SCRIPT_INPUTS_IN_SCRIPT_PHASES = YES;
			};
			name = Debug;
		};
		88971A992A5326510019ABFC /* Release */ = {
			isa = XCBuildConfiguration;
			baseConfigurationReference = 88971AD62A5331040019ABFC /* Development.xcconfig */;
			buildSettings = {
				ASSETCATALOG_COMPILER_APPICON_NAME = AppIcon;
				ASSETCATALOG_COMPILER_GLOBAL_ACCENT_COLOR_NAME = AccentColor;
				CODE_SIGN_STYLE = Automatic;
				CURRENT_PROJECT_VERSION = 1;
				DEVELOPMENT_TEAM = "";
				FRAMEWORK_SEARCH_PATHS = (
					"\"${PODS_CONFIGURATION_BUILD_DIR}/Common\"",
					"$(inherited)",
					"\"${PODS_CONFIGURATION_BUILD_DIR}/Core\"",
					"\"${PODS_CONFIGURATION_BUILD_DIR}/SDWebImage\"",
					"\"${PODS_CONFIGURATION_BUILD_DIR}/Realm\"",
					"\"${PODS_CONFIGURATION_BUILD_DIR}/RealmSwift\"",
					"\"${PODS_CONFIGURATION_BUILD_DIR}/RxCocoa\"",
					"\"${PODS_CONFIGURATION_BUILD_DIR}/RxSwift\"",
					"\"${PODS_CONFIGURATION_BUILD_DIR}/RxRelay\"",
					"\"${PODS_CONFIGURATION_BUILD_DIR}/Alamofire\"",
					"\"${PODS_CONFIGURATION_BUILD_DIR}/SkeletonView\"",
					"\"${PODS_CONFIGURATION_BUILD_DIR}/Shimmer\"",
				);
				GCC_PREPROCESSOR_DEFINITIONS = "COCOAPODS=1";
				GENERATE_INFOPLIST_FILE = YES;
				HEADER_SEARCH_PATHS = (
					"$(inherited)",
					"\"${PODS_CONFIGURATION_BUILD_DIR}/Common\"",
					"\"${PODS_CONFIGURATION_BUILD_DIR}/Core\"",
					"\"${PODS_CONFIGURATION_BUILD_DIR}/SDWebImage\"",
					"\"${PODS_CONFIGURATION_BUILD_DIR}/Realm\"",
					"\"${PODS_CONFIGURATION_BUILD_DIR}/RealmSwift\"",
					"\"${PODS_CONFIGURATION_BUILD_DIR}/RxCocoa\"",
					"\"${PODS_CONFIGURATION_BUILD_DIR}/RxSwift\"",
					"\"${PODS_CONFIGURATION_BUILD_DIR}/RxRelay\"",
					"\"${PODS_CONFIGURATION_BUILD_DIR}/Alamofire\"",
					"\"${PODS_CONFIGURATION_BUILD_DIR}/SkeletonView\"",
					"\"${PODS_CONFIGURATION_BUILD_DIR}/Shimmer\"",
				);
				INFOPLIST_FILE = GameInfoAdvance/SupportingFiles/Info.plist;
				INFOPLIST_KEY_LSApplicationCategoryType = "public.app-category.magazines-and-newspapers";
				INFOPLIST_KEY_UIApplicationSupportsIndirectInputEvents = YES;
				INFOPLIST_KEY_UILaunchStoryboardName = LaunchScreen;
				INFOPLIST_KEY_UISupportedInterfaceOrientations_iPad = "UIInterfaceOrientationPortrait UIInterfaceOrientationPortraitUpsideDown UIInterfaceOrientationLandscapeLeft UIInterfaceOrientationLandscapeRight";
				INFOPLIST_KEY_UISupportedInterfaceOrientations_iPhone = "UIInterfaceOrientationPortrait UIInterfaceOrientationLandscapeLeft UIInterfaceOrientationLandscapeRight";
				LD_RUNPATH_SEARCH_PATHS = (
					"$(inherited)",
					"@executable_path/Frameworks",
				);
				MARKETING_VERSION = 1.0;
				OTHER_LDFLAGS = "-ObjC";
				OTHER_SWIFT_FLAGS = "-D $(inherited) COCOAPODS";
				PODS_BUILD_DIR = "${BUILD_DIR}";
				PODS_CONFIGURATION_BUILD_DIR = "${PODS_BUILD_DIR}/$(CONFIGURATION)$(EFFECTIVE_PLATFORM_NAME)";
				PODS_PODFILE_DIR_PATH = "${SRCROOT}/.";
				PODS_ROOT = "${SRCROOT}/Pods";
				PODS_XCFRAMEWORKS_BUILD_DIR = "$(PODS_CONFIGURATION_BUILD_DIR)/XCFrameworkIntermediates";
				PRODUCT_BUNDLE_IDENTIFIER = com.djakapermana.www.GameInfoAdvance;
				PRODUCT_NAME = "$(TARGET_NAME)";
				SUPPORTED_PLATFORMS = "iphoneos iphonesimulator";
				SUPPORTS_MACCATALYST = NO;
				SUPPORTS_MAC_DESIGNED_FOR_IPHONE_IPAD = NO;
				SWIFT_EMIT_LOC_STRINGS = YES;
				SWIFT_OBJC_BRIDGING_HEADER = "";
				SWIFT_VERSION = 5.0;
				TARGETED_DEVICE_FAMILY = "1,2";
				USE_RECURSIVE_SCRIPT_INPUTS_IN_SCRIPT_PHASES = YES;
			};
			name = Release;
		};
		88A5E94F2A5C405A0043996B /* Debug */ = {
			isa = XCBuildConfiguration;
			baseConfigurationReference = 0A4029E201C3C8D9F3FF4BF9 /* Pods-GameInfoAdvanceTest.debug.xcconfig */;
			buildSettings = {
				ALWAYS_EMBED_SWIFT_STANDARD_LIBRARIES = YES;
				BUNDLE_LOADER = "$(TEST_HOST)";
				CLANG_ENABLE_MODULES = YES;
				CODE_SIGN_STYLE = Automatic;
				CURRENT_PROJECT_VERSION = 1;
				GENERATE_INFOPLIST_FILE = YES;
				IPHONEOS_DEPLOYMENT_TARGET = 13.0;
				MACOSX_DEPLOYMENT_TARGET = 13.3;
				MARKETING_VERSION = 1.0;
				OTHER_CODE_SIGN_FLAGS = "";
				PRODUCT_BUNDLE_IDENTIFIER = com.djakapermana.www.GameInfoAdvanceTest;
				PRODUCT_NAME = "$(TARGET_NAME)";
				SDKROOT = iphoneos;
				SUPPORTED_PLATFORMS = "iphoneos iphonesimulator";
				SUPPORTS_MACCATALYST = NO;
				SUPPORTS_MAC_DESIGNED_FOR_IPHONE_IPAD = NO;
				SWIFT_EMIT_LOC_STRINGS = NO;
				SWIFT_OBJC_BRIDGING_HEADER = "GameInfoAdvanceTest/Games/GameInfoAdvanceTest-Bridging-Header.h";
				SWIFT_OPTIMIZATION_LEVEL = "-Onone";
				SWIFT_VERSION = 5.0;
				TARGETED_DEVICE_FAMILY = "1,2";
				TEST_HOST = "$(BUILT_PRODUCTS_DIR)/GameInfoAdvance.app/$(BUNDLE_EXECUTABLE_FOLDER_PATH)/GameInfoAdvance";
			};
			name = Debug;
		};
		88A5E9502A5C405A0043996B /* Release */ = {
			isa = XCBuildConfiguration;
			baseConfigurationReference = 05BC394FD935A7B6C9429F37 /* Pods-GameInfoAdvanceTest.release.xcconfig */;
			buildSettings = {
				ALWAYS_EMBED_SWIFT_STANDARD_LIBRARIES = YES;
				BUNDLE_LOADER = "$(TEST_HOST)";
				CLANG_ENABLE_MODULES = YES;
				CODE_SIGN_STYLE = Automatic;
				CURRENT_PROJECT_VERSION = 1;
				GENERATE_INFOPLIST_FILE = YES;
				IPHONEOS_DEPLOYMENT_TARGET = 13.0;
				MACOSX_DEPLOYMENT_TARGET = 13.3;
				MARKETING_VERSION = 1.0;
				PRODUCT_BUNDLE_IDENTIFIER = com.djakapermana.www.GameInfoAdvanceTest;
				PRODUCT_NAME = "$(TARGET_NAME)";
				SDKROOT = iphoneos;
				SUPPORTED_PLATFORMS = "iphoneos iphonesimulator";
				SUPPORTS_MACCATALYST = NO;
				SUPPORTS_MAC_DESIGNED_FOR_IPHONE_IPAD = NO;
				SWIFT_EMIT_LOC_STRINGS = NO;
				SWIFT_OBJC_BRIDGING_HEADER = "GameInfoAdvanceTest/Games/GameInfoAdvanceTest-Bridging-Header.h";
				SWIFT_VERSION = 5.0;
				TARGETED_DEVICE_FAMILY = "1,2";
				TEST_HOST = "$(BUILT_PRODUCTS_DIR)/GameInfoAdvance.app/$(BUNDLE_EXECUTABLE_FOLDER_PATH)/GameInfoAdvance";
			};
			name = Release;
		};
/* End XCBuildConfiguration section */

/* Begin XCConfigurationList section */
		88971A7E2A53264F0019ABFC /* Build configuration list for PBXProject "GameInfoAdvance" */ = {
			isa = XCConfigurationList;
			buildConfigurations = (
				88971A952A5326510019ABFC /* Debug */,
				88971A962A5326510019ABFC /* Release */,
			);
			defaultConfigurationIsVisible = 0;
			defaultConfigurationName = Release;
		};
		88971A972A5326510019ABFC /* Build configuration list for PBXNativeTarget "GameInfoAdvance" */ = {
			isa = XCConfigurationList;
			buildConfigurations = (
				88971A982A5326510019ABFC /* Debug */,
				88971A992A5326510019ABFC /* Release */,
			);
			defaultConfigurationIsVisible = 0;
			defaultConfigurationName = Release;
		};
		88A5E9512A5C405A0043996B /* Build configuration list for PBXNativeTarget "GameInfoAdvanceTest" */ = {
			isa = XCConfigurationList;
			buildConfigurations = (
				88A5E94F2A5C405A0043996B /* Debug */,
				88A5E9502A5C405A0043996B /* Release */,
			);
			defaultConfigurationIsVisible = 0;
			defaultConfigurationName = Release;
		};
/* End XCConfigurationList section */
	};
	rootObject = 88971A7B2A53264F0019ABFC /* Project object */;
}
